PODS:
  - Flutter (1.0.0)
  - flutter_wootric (0.1.0):
    - Flutter
    - WootricSDK (= 0.20.0)
  - WootricSDK (0.20.0)

DEPENDENCIES:
  - Flutter (from `.symlinks/flutter/ios-release`)
  - flutter_wootric (from `.symlinks/plugins/flutter_wootric/ios`)

SPEC REPOS:
  trunk:
    - WootricSDK

EXTERNAL SOURCES:
  Flutter:
    :path: ".symlinks/flutter/ios-release"
  flutter_wootric:
    :path: ".symlinks/plugins/flutter_wootric/ios"

SPEC CHECKSUMS:
  Flutter: 0e3d915762c693b495b44d77113d4970485de6ec
  flutter_wootric: 37e785a6658dca56b343754851d42c80996862a8
  WootricSDK: c3df09246a252dfe1fb0c314961cbbca3f380224

PODFILE CHECKSUM: 7fb83752f59ead6285236625b82473f90b1cb932

COCOAPODS: 1.10.1
