PODS:
  - Flutter (1.0.0)
  - flutter_wootric (0.0.1):
    - Flutter
    - WootricSDK (= 0.13.0)
  - WootricSDK (0.13.0)

DEPENDENCIES:
  - Flutter (from `.symlinks/flutter/ios`)
  - flutter_wootric (from `.symlinks/plugins/flutter_wootric/ios`)

SPEC REPOS:
  https://github.com/cocoapods/specs.git:
    - WootricSDK

EXTERNAL SOURCES:
  Flutter:
    :path: ".symlinks/flutter/ios"
  flutter_wootric:
    :path: ".symlinks/plugins/flutter_wootric/ios"

SPEC CHECKSUMS:
  Flutter: 0e3d915762c693b495b44d77113d4970485de6ec
  flutter_wootric: 98b478f71059e6704202049be80c9e64b0485819
  WootricSDK: 2aa290d78807ee8f15e3352885c4114d846681e2

PODFILE CHECKSUM: 7fb83752f59ead6285236625b82473f90b1cb932

COCOAPODS: 1.7.5
